// !$*UTF8*$!
{
	archiveVersion = 1;
	classes = {
	};
	objectVersion = 51;
	objects = {

/* Begin PBXBuildFile section */
		00791529B25556DF3600697E /* Pods_RealmShare.framework in Frameworks */ = {isa = PBXBuildFile; fileRef = F5A8B1323A166A30FD5BCCE7 /* Pods_RealmShare.framework */; };
		2BF5FF02E3D1635DA7C8502B /* Pods_RealmShareTests.framework in Frameworks */ = {isa = PBXBuildFile; fileRef = F45246D04D4CDBFFE758145A /* Pods_RealmShareTests.framework */; };
		665BB9C724A693550004F319 /* AppDelegate.swift in Sources */ = {isa = PBXBuildFile; fileRef = 665BB9C624A693550004F319 /* AppDelegate.swift */; };
		665BB9C924A693550004F319 /* SceneDelegate.swift in Sources */ = {isa = PBXBuildFile; fileRef = 665BB9C824A693550004F319 /* SceneDelegate.swift */; };
		665BB9CB24A693550004F319 /* ContentView.swift in Sources */ = {isa = PBXBuildFile; fileRef = 665BB9CA24A693550004F319 /* ContentView.swift */; };
		665BB9CD24A693590004F319 /* Assets.xcassets in Resources */ = {isa = PBXBuildFile; fileRef = 665BB9CC24A693590004F319 /* Assets.xcassets */; };
		665BB9D024A693590004F319 /* Preview Assets.xcassets in Resources */ = {isa = PBXBuildFile; fileRef = 665BB9CF24A693590004F319 /* Preview Assets.xcassets */; };
		665BB9D324A693590004F319 /* LaunchScreen.storyboard in Resources */ = {isa = PBXBuildFile; fileRef = 665BB9D124A693590004F319 /* LaunchScreen.storyboard */; };
		665BB9DE24A693590004F319 /* RealmShareTests.swift in Sources */ = {isa = PBXBuildFile; fileRef = 665BB9DD24A693590004F319 /* RealmShareTests.swift */; };
		665BB9EA24A697550004F319 /* User.swift in Sources */ = {isa = PBXBuildFile; fileRef = 665BB9E924A697550004F319 /* User.swift */; };
		66B3468124A6B3DD00E16B40 /* UserListViewController.swift in Sources */ = {isa = PBXBuildFile; fileRef = 66B3467924A6B3DC00E16B40 /* UserListViewController.swift */; };
		66B3468224A6B3DD00E16B40 /* UserListViewController.swift in Sources */ = {isa = PBXBuildFile; fileRef = 66B3467924A6B3DC00E16B40 /* UserListViewController.swift */; };
		66B3468524A6B3DD00E16B40 /* UserCell.swift in Sources */ = {isa = PBXBuildFile; fileRef = 66B3467C24A6B3DC00E16B40 /* UserCell.swift */; };
		66B3468624A6B3DD00E16B40 /* UserCell.swift in Sources */ = {isa = PBXBuildFile; fileRef = 66B3467C24A6B3DC00E16B40 /* UserCell.swift */; };
		66B3468924A6B3DD00E16B40 /* InfoStackView.swift in Sources */ = {isa = PBXBuildFile; fileRef = 66B3467E24A6B3DD00E16B40 /* InfoStackView.swift */; };
		66B3468A24A6B3DD00E16B40 /* InfoStackView.swift in Sources */ = {isa = PBXBuildFile; fileRef = 66B3467E24A6B3DD00E16B40 /* InfoStackView.swift */; };
/* End PBXBuildFile section */

/* Begin PBXContainerItemProxy section */
		665BB9DA24A693590004F319 /* PBXContainerItemProxy */ = {
			isa = PBXContainerItemProxy;
			containerPortal = 665BB9BB24A693550004F319 /* Project object */;
			proxyType = 1;
			remoteGlobalIDString = 665BB9C224A693550004F319;
			remoteInfo = RealmShare;
		};
/* End PBXContainerItemProxy section */

/* Begin PBXFileReference section */
		126CEE1901CA92A9337E85FA /* Pods-RealmShareTests.release.xcconfig */ = {isa = PBXFileReference; includeInIndex = 1; lastKnownFileType = text.xcconfig; name = "Pods-RealmShareTests.release.xcconfig"; path = "Target Support Files/Pods-RealmShareTests/Pods-RealmShareTests.release.xcconfig"; sourceTree = "<group>"; };
		251DF812998ECBE06ECBACAF /* Pods-RealmShareTests.debug.xcconfig */ = {isa = PBXFileReference; includeInIndex = 1; lastKnownFileType = text.xcconfig; name = "Pods-RealmShareTests.debug.xcconfig"; path = "Target Support Files/Pods-RealmShareTests/Pods-RealmShareTests.debug.xcconfig"; sourceTree = "<group>"; };
		5E5F6410B84B3A76A0546966 /* Pods-RealmShare.debug.xcconfig */ = {isa = PBXFileReference; includeInIndex = 1; lastKnownFileType = text.xcconfig; name = "Pods-RealmShare.debug.xcconfig"; path = "Target Support Files/Pods-RealmShare/Pods-RealmShare.debug.xcconfig"; sourceTree = "<group>"; };
		5E8A23D0FE1923BDA449D507 /* Pods-RealmShare.release.xcconfig */ = {isa = PBXFileReference; includeInIndex = 1; lastKnownFileType = text.xcconfig; name = "Pods-RealmShare.release.xcconfig"; path = "Target Support Files/Pods-RealmShare/Pods-RealmShare.release.xcconfig"; sourceTree = "<group>"; };
		665BB9C324A693550004F319 /* RealmShare.app */ = {isa = PBXFileReference; explicitFileType = wrapper.application; includeInIndex = 0; path = RealmShare.app; sourceTree = BUILT_PRODUCTS_DIR; };
		665BB9C624A693550004F319 /* AppDelegate.swift */ = {isa = PBXFileReference; lastKnownFileType = sourcecode.swift; path = AppDelegate.swift; sourceTree = "<group>"; };
		665BB9C824A693550004F319 /* SceneDelegate.swift */ = {isa = PBXFileReference; lastKnownFileType = sourcecode.swift; path = SceneDelegate.swift; sourceTree = "<group>"; };
		665BB9CA24A693550004F319 /* ContentView.swift */ = {isa = PBXFileReference; lastKnownFileType = sourcecode.swift; path = ContentView.swift; sourceTree = "<group>"; };
		665BB9CC24A693590004F319 /* Assets.xcassets */ = {isa = PBXFileReference; lastKnownFileType = folder.assetcatalog; path = Assets.xcassets; sourceTree = "<group>"; };
		665BB9CF24A693590004F319 /* Preview Assets.xcassets */ = {isa = PBXFileReference; lastKnownFileType = folder.assetcatalog; path = "Preview Assets.xcassets"; sourceTree = "<group>"; };
		665BB9D224A693590004F319 /* Base */ = {isa = PBXFileReference; lastKnownFileType = file.storyboard; name = Base; path = Base.lproj/LaunchScreen.storyboard; sourceTree = "<group>"; };
		665BB9D424A693590004F319 /* Info.plist */ = {isa = PBXFileReference; lastKnownFileType = text.plist.xml; path = Info.plist; sourceTree = "<group>"; };
		665BB9D924A693590004F319 /* RealmShareTests.xctest */ = {isa = PBXFileReference; explicitFileType = wrapper.cfbundle; includeInIndex = 0; path = RealmShareTests.xctest; sourceTree = BUILT_PRODUCTS_DIR; };
		665BB9DD24A693590004F319 /* RealmShareTests.swift */ = {isa = PBXFileReference; lastKnownFileType = sourcecode.swift; path = RealmShareTests.swift; sourceTree = "<group>"; };
		665BB9DF24A693590004F319 /* Info.plist */ = {isa = PBXFileReference; lastKnownFileType = text.plist.xml; path = Info.plist; sourceTree = "<group>"; };
		665BB9E924A697550004F319 /* User.swift */ = {isa = PBXFileReference; lastKnownFileType = sourcecode.swift; path = User.swift; sourceTree = "<group>"; };
		66B3467924A6B3DC00E16B40 /* UserListViewController.swift */ = {isa = PBXFileReference; fileEncoding = 4; lastKnownFileType = sourcecode.swift; path = UserListViewController.swift; sourceTree = "<group>"; };
		66B3467C24A6B3DC00E16B40 /* UserCell.swift */ = {isa = PBXFileReference; fileEncoding = 4; lastKnownFileType = sourcecode.swift; path = UserCell.swift; sourceTree = "<group>"; };
		66B3467E24A6B3DD00E16B40 /* InfoStackView.swift */ = {isa = PBXFileReference; fileEncoding = 4; lastKnownFileType = sourcecode.swift; path = InfoStackView.swift; sourceTree = "<group>"; };
		F45246D04D4CDBFFE758145A /* Pods_RealmShareTests.framework */ = {isa = PBXFileReference; explicitFileType = wrapper.framework; includeInIndex = 0; path = Pods_RealmShareTests.framework; sourceTree = BUILT_PRODUCTS_DIR; };
		F5A8B1323A166A30FD5BCCE7 /* Pods_RealmShare.framework */ = {isa = PBXFileReference; explicitFileType = wrapper.framework; includeInIndex = 0; path = Pods_RealmShare.framework; sourceTree = BUILT_PRODUCTS_DIR; };
/* End PBXFileReference section */

/* Begin PBXFrameworksBuildPhase section */
		665BB9C024A693550004F319 /* Frameworks */ = {
			isa = PBXFrameworksBuildPhase;
			buildActionMask = 2147483647;
			files = (
				00791529B25556DF3600697E /* Pods_RealmShare.framework in Frameworks */,
			);
			runOnlyForDeploymentPostprocessing = 0;
		};
		665BB9D624A693590004F319 /* Frameworks */ = {
			isa = PBXFrameworksBuildPhase;
			buildActionMask = 2147483647;
			files = (
				2BF5FF02E3D1635DA7C8502B /* Pods_RealmShareTests.framework in Frameworks */,
			);
			runOnlyForDeploymentPostprocessing = 0;
		};
/* End PBXFrameworksBuildPhase section */

/* Begin PBXGroup section */
		6656141124A6EA5D00A4B690 /* ClassicSwift */ = {
			isa = PBXGroup;
			children = (
				66B3467A24A6B3DC00E16B40 /* views */,
				66B3467724A6B3DC00E16B40 /* controllers */,
			);
			path = ClassicSwift;
			sourceTree = "<group>";
		};
		6656141224A6EA6900A4B690 /* SwiftUI */ = {
			isa = PBXGroup;
			children = (
				665BB9CA24A693550004F319 /* ContentView.swift */,
			);
			path = SwiftUI;
			sourceTree = "<group>";
		};
		665BB9BA24A693550004F319 = {
			isa = PBXGroup;
			children = (
				665BB9C524A693550004F319 /* RealmShare */,
				665BB9DC24A693590004F319 /* RealmShareTests */,
				665BB9C424A693550004F319 /* Products */,
				7AAD9CF6AB1C68762FB943AC /* Pods */,
				8906EF0F3C5932462CE8A7EA /* Frameworks */,
			);
			sourceTree = "<group>";
		};
		665BB9C424A693550004F319 /* Products */ = {
			isa = PBXGroup;
			children = (
				665BB9C324A693550004F319 /* RealmShare.app */,
				665BB9D924A693590004F319 /* RealmShareTests.xctest */,
			);
			name = Products;
			sourceTree = "<group>";
		};
		665BB9C524A693550004F319 /* RealmShare */ = {
			isa = PBXGroup;
			children = (
				665BB9E824A697350004F319 /* models */,
				6656141124A6EA5D00A4B690 /* ClassicSwift */,
				665BB9C624A693550004F319 /* AppDelegate.swift */,
				665BB9C824A693550004F319 /* SceneDelegate.swift */,
				6656141224A6EA6900A4B690 /* SwiftUI */,
				665BB9CC24A693590004F319 /* Assets.xcassets */,
				665BB9D124A693590004F319 /* LaunchScreen.storyboard */,
				665BB9D424A693590004F319 /* Info.plist */,
				665BB9CE24A693590004F319 /* Preview Content */,
			);
			path = RealmShare;
			sourceTree = "<group>";
		};
		665BB9CE24A693590004F319 /* Preview Content */ = {
			isa = PBXGroup;
			children = (
				665BB9CF24A693590004F319 /* Preview Assets.xcassets */,
			);
			path = "Preview Content";
			sourceTree = "<group>";
		};
		665BB9DC24A693590004F319 /* RealmShareTests */ = {
			isa = PBXGroup;
			children = (
				665BB9DD24A693590004F319 /* RealmShareTests.swift */,
				665BB9DF24A693590004F319 /* Info.plist */,
			);
			path = RealmShareTests;
			sourceTree = "<group>";
		};
		665BB9E824A697350004F319 /* models */ = {
			isa = PBXGroup;
			children = (
				665BB9E924A697550004F319 /* User.swift */,
			);
			path = models;
			sourceTree = "<group>";
		};
		66B3467724A6B3DC00E16B40 /* controllers */ = {
			isa = PBXGroup;
			children = (
				66B3467924A6B3DC00E16B40 /* UserListViewController.swift */,
			);
			path = controllers;
			sourceTree = "<group>";
		};
		66B3467A24A6B3DC00E16B40 /* views */ = {
			isa = PBXGroup;
			children = (
				66B3467C24A6B3DC00E16B40 /* UserCell.swift */,
				66B3467E24A6B3DD00E16B40 /* InfoStackView.swift */,
			);
			path = views;
			sourceTree = "<group>";
		};
		7AAD9CF6AB1C68762FB943AC /* Pods */ = {
			isa = PBXGroup;
			children = (
				5E5F6410B84B3A76A0546966 /* Pods-RealmShare.debug.xcconfig */,
				5E8A23D0FE1923BDA449D507 /* Pods-RealmShare.release.xcconfig */,
				251DF812998ECBE06ECBACAF /* Pods-RealmShareTests.debug.xcconfig */,
				126CEE1901CA92A9337E85FA /* Pods-RealmShareTests.release.xcconfig */,
			);
			path = Pods;
			sourceTree = "<group>";
		};
		8906EF0F3C5932462CE8A7EA /* Frameworks */ = {
			isa = PBXGroup;
			children = (
				F5A8B1323A166A30FD5BCCE7 /* Pods_RealmShare.framework */,
				F45246D04D4CDBFFE758145A /* Pods_RealmShareTests.framework */,
			);
			name = Frameworks;
			sourceTree = "<group>";
		};
/* End PBXGroup section */

/* Begin PBXNativeTarget section */
		665BB9C224A693550004F319 /* RealmShare */ = {
			isa = PBXNativeTarget;
			buildConfigurationList = 665BB9E224A693590004F319 /* Build configuration list for PBXNativeTarget "RealmShare" */;
			buildPhases = (
				B2A6870DAC47FA665D0B0FAC /* [CP] Check Pods Manifest.lock */,
				665BB9BF24A693550004F319 /* Sources */,
				665BB9C024A693550004F319 /* Frameworks */,
				665BB9C124A693550004F319 /* Resources */,
				DA8B04B6D47422DF0A49D932 /* [CP] Embed Pods Frameworks */,
			);
			buildRules = (
			);
			dependencies = (
			);
			name = RealmShare;
			productName = RealmShare;
			productReference = 665BB9C324A693550004F319 /* RealmShare.app */;
			productType = "com.apple.product-type.application";
		};
		665BB9D824A693590004F319 /* RealmShareTests */ = {
			isa = PBXNativeTarget;
			buildConfigurationList = 665BB9E524A693590004F319 /* Build configuration list for PBXNativeTarget "RealmShareTests" */;
			buildPhases = (
				50AA017C4428BBAE33C0DE99 /* [CP] Check Pods Manifest.lock */,
				665BB9D524A693590004F319 /* Sources */,
				665BB9D624A693590004F319 /* Frameworks */,
				665BB9D724A693590004F319 /* Resources */,
			);
			buildRules = (
			);
			dependencies = (
				665BB9DB24A693590004F319 /* PBXTargetDependency */,
			);
			name = RealmShareTests;
			productName = RealmShareTests;
			productReference = 665BB9D924A693590004F319 /* RealmShareTests.xctest */;
			productType = "com.apple.product-type.bundle.unit-test";
		};
/* End PBXNativeTarget section */

/* Begin PBXProject section */
		665BB9BB24A693550004F319 /* Project object */ = {
			isa = PBXProject;
			attributes = {
				LastSwiftUpdateCheck = 1140;
				LastUpgradeCheck = 1140;
				ORGANIZATIONNAME = "Chrishon Wyllie";
				TargetAttributes = {
					665BB9C224A693550004F319 = {
						CreatedOnToolsVersion = 11.4.1;
					};
					665BB9D824A693590004F319 = {
						CreatedOnToolsVersion = 11.4.1;
						TestTargetID = 665BB9C224A693550004F319;
					};
				};
			};
			buildConfigurationList = 665BB9BE24A693550004F319 /* Build configuration list for PBXProject "RealmShare" */;
			compatibilityVersion = "Xcode 9.3";
			developmentRegion = en;
			hasScannedForEncodings = 0;
			knownRegions = (
				en,
				Base,
			);
			mainGroup = 665BB9BA24A693550004F319;
			productRefGroup = 665BB9C424A693550004F319 /* Products */;
			projectDirPath = "";
			projectRoot = "";
			targets = (
				665BB9C224A693550004F319 /* RealmShare */,
				665BB9D824A693590004F319 /* RealmShareTests */,
			);
		};
/* End PBXProject section */

/* Begin PBXResourcesBuildPhase section */
		665BB9C124A693550004F319 /* Resources */ = {
			isa = PBXResourcesBuildPhase;
			buildActionMask = 2147483647;
			files = (
				665BB9D324A693590004F319 /* LaunchScreen.storyboard in Resources */,
				665BB9D024A693590004F319 /* Preview Assets.xcassets in Resources */,
				665BB9CD24A693590004F319 /* Assets.xcassets in Resources */,
			);
			runOnlyForDeploymentPostprocessing = 0;
		};
		665BB9D724A693590004F319 /* Resources */ = {
			isa = PBXResourcesBuildPhase;
			buildActionMask = 2147483647;
			files = (
			);
			runOnlyForDeploymentPostprocessing = 0;
		};
/* End PBXResourcesBuildPhase section */

/* Begin PBXShellScriptBuildPhase section */
		50AA017C4428BBAE33C0DE99 /* [CP] Check Pods Manifest.lock */ = {
			isa = PBXShellScriptBuildPhase;
			buildActionMask = 2147483647;
			files = (
			);
			inputFileListPaths = (
			);
			inputPaths = (
				"${PODS_PODFILE_DIR_PATH}/Podfile.lock",
				"${PODS_ROOT}/Manifest.lock",
			);
			name = "[CP] Check Pods Manifest.lock";
			outputFileListPaths = (
			);
			outputPaths = (
				"$(DERIVED_FILE_DIR)/Pods-RealmShareTests-checkManifestLockResult.txt",
			);
			runOnlyForDeploymentPostprocessing = 0;
			shellPath = /bin/sh;
			shellScript = "diff \"${PODS_PODFILE_DIR_PATH}/Podfile.lock\" \"${PODS_ROOT}/Manifest.lock\" > /dev/null\nif [ $? != 0 ] ; then\n    # print error to STDERR\n    echo \"error: The sandbox is not in sync with the Podfile.lock. Run 'pod install' or update your CocoaPods installation.\" >&2\n    exit 1\nfi\n# This output is used by Xcode 'outputs' to avoid re-running this script phase.\necho \"SUCCESS\" > \"${SCRIPT_OUTPUT_FILE_0}\"\n";
			showEnvVarsInLog = 0;
		};
		B2A6870DAC47FA665D0B0FAC /* [CP] Check Pods Manifest.lock */ = {
			isa = PBXShellScriptBuildPhase;
			buildActionMask = 2147483647;
			files = (
			);
			inputFileListPaths = (
			);
			inputPaths = (
				"${PODS_PODFILE_DIR_PATH}/Podfile.lock",
				"${PODS_ROOT}/Manifest.lock",
			);
			name = "[CP] Check Pods Manifest.lock";
			outputFileListPaths = (
			);
			outputPaths = (
				"$(DERIVED_FILE_DIR)/Pods-RealmShare-checkManifestLockResult.txt",
			);
			runOnlyForDeploymentPostprocessing = 0;
			shellPath = /bin/sh;
			shellScript = "diff \"${PODS_PODFILE_DIR_PATH}/Podfile.lock\" \"${PODS_ROOT}/Manifest.lock\" > /dev/null\nif [ $? != 0 ] ; then\n    # print error to STDERR\n    echo \"error: The sandbox is not in sync with the Podfile.lock. Run 'pod install' or update your CocoaPods installation.\" >&2\n    exit 1\nfi\n# This output is used by Xcode 'outputs' to avoid re-running this script phase.\necho \"SUCCESS\" > \"${SCRIPT_OUTPUT_FILE_0}\"\n";
			showEnvVarsInLog = 0;
		};
		DA8B04B6D47422DF0A49D932 /* [CP] Embed Pods Frameworks */ = {
			isa = PBXShellScriptBuildPhase;
			buildActionMask = 2147483647;
			files = (
			);
			inputFileListPaths = (
				"${PODS_ROOT}/Target Support Files/Pods-RealmShare/Pods-RealmShare-frameworks-${CONFIGURATION}-input-files.xcfilelist",
			);
			name = "[CP] Embed Pods Frameworks";
			outputFileListPaths = (
				"${PODS_ROOT}/Target Support Files/Pods-RealmShare/Pods-RealmShare-frameworks-${CONFIGURATION}-output-files.xcfilelist",
			);
			runOnlyForDeploymentPostprocessing = 0;
			shellPath = /bin/sh;
			shellScript = "\"${PODS_ROOT}/Target Support Files/Pods-RealmShare/Pods-RealmShare-frameworks.sh\"\n";
			showEnvVarsInLog = 0;
		};
/* End PBXShellScriptBuildPhase section */

/* Begin PBXSourcesBuildPhase section */
		665BB9BF24A693550004F319 /* Sources */ = {
			isa = PBXSourcesBuildPhase;
			buildActionMask = 2147483647;
			files = (
				66B3468524A6B3DD00E16B40 /* UserCell.swift in Sources */,
				66B3468924A6B3DD00E16B40 /* InfoStackView.swift in Sources */,
				665BB9EA24A697550004F319 /* User.swift in Sources */,
				665BB9C724A693550004F319 /* AppDelegate.swift in Sources */,
				665BB9C924A693550004F319 /* SceneDelegate.swift in Sources */,
				665BB9CB24A693550004F319 /* ContentView.swift in Sources */,
				66B3468124A6B3DD00E16B40 /* UserListViewController.swift in Sources */,
			);
			runOnlyForDeploymentPostprocessing = 0;
		};
		665BB9D524A693590004F319 /* Sources */ = {
			isa = PBXSourcesBuildPhase;
			buildActionMask = 2147483647;
			files = (
				665BB9DE24A693590004F319 /* RealmShareTests.swift in Sources */,
				66B3468624A6B3DD00E16B40 /* UserCell.swift in Sources */,
				66B3468224A6B3DD00E16B40 /* UserListViewController.swift in Sources */,
				66B3468A24A6B3DD00E16B40 /* InfoStackView.swift in Sources */,
			);
			runOnlyForDeploymentPostprocessing = 0;
		};
/* End PBXSourcesBuildPhase section */

/* Begin PBXTargetDependency section */
		665BB9DB24A693590004F319 /* PBXTargetDependency */ = {
			isa = PBXTargetDependency;
			target = 665BB9C224A693550004F319 /* RealmShare */;
			targetProxy = 665BB9DA24A693590004F319 /* PBXContainerItemProxy */;
		};
/* End PBXTargetDependency section */

/* Begin PBXVariantGroup section */
		665BB9D124A693590004F319 /* LaunchScreen.storyboard */ = {
			isa = PBXVariantGroup;
			children = (
				665BB9D224A693590004F319 /* Base */,
			);
			name = LaunchScreen.storyboard;
			sourceTree = "<group>";
		};
/* End PBXVariantGroup section */

/* Begin XCBuildConfiguration section */
		665BB9E024A693590004F319 /* Debug */ = {
			isa = XCBuildConfiguration;
			buildSettings = {
				ALWAYS_SEARCH_USER_PATHS = NO;
				CLANG_ANALYZER_NONNULL = YES;
				CLANG_ANALYZER_NUMBER_OBJECT_CONVERSION = YES_AGGRESSIVE;
				CLANG_CXX_LANGUAGE_STANDARD = "gnu++14";
				CLANG_CXX_LIBRARY = "libc++";
				CLANG_ENABLE_MODULES = YES;
				CLANG_ENABLE_OBJC_ARC = YES;
				CLANG_ENABLE_OBJC_WEAK = YES;
				CLANG_WARN_BLOCK_CAPTURE_AUTORELEASING = YES;
				CLANG_WARN_BOOL_CONVERSION = YES;
				CLANG_WARN_COMMA = YES;
				CLANG_WARN_CONSTANT_CONVERSION = YES;
				CLANG_WARN_DEPRECATED_OBJC_IMPLEMENTATIONS = YES;
				CLANG_WARN_DIRECT_OBJC_ISA_USAGE = YES_ERROR;
				CLANG_WARN_DOCUMENTATION_COMMENTS = YES;
				CLANG_WARN_EMPTY_BODY = YES;
				CLANG_WARN_ENUM_CONVERSION = YES;
				CLANG_WARN_INFINITE_RECURSION = YES;
				CLANG_WARN_INT_CONVERSION = YES;
				CLANG_WARN_NON_LITERAL_NULL_CONVERSION = YES;
				CLANG_WARN_OBJC_IMPLICIT_RETAIN_SELF = YES;
				CLANG_WARN_OBJC_LITERAL_CONVERSION = YES;
				CLANG_WARN_OBJC_ROOT_CLASS = YES_ERROR;
				CLANG_WARN_RANGE_LOOP_ANALYSIS = YES;
				CLANG_WARN_STRICT_PROTOTYPES = YES;
				CLANG_WARN_SUSPICIOUS_MOVE = YES;
				CLANG_WARN_UNGUARDED_AVAILABILITY = YES_AGGRESSIVE;
				CLANG_WARN_UNREACHABLE_CODE = YES;
				CLANG_WARN__DUPLICATE_METHOD_MATCH = YES;
				COPY_PHASE_STRIP = NO;
				DEBUG_INFORMATION_FORMAT = dwarf;
				ENABLE_STRICT_OBJC_MSGSEND = YES;
				ENABLE_TESTABILITY = YES;
				GCC_C_LANGUAGE_STANDARD = gnu11;
				GCC_DYNAMIC_NO_PIC = NO;
				GCC_NO_COMMON_BLOCKS = YES;
				GCC_OPTIMIZATION_LEVEL = 0;
				GCC_PREPROCESSOR_DEFINITIONS = (
					"DEBUG=1",
					"$(inherited)",
				);
				GCC_WARN_64_TO_32_BIT_CONVERSION = YES;
				GCC_WARN_ABOUT_RETURN_TYPE = YES_ERROR;
				GCC_WARN_UNDECLARED_SELECTOR = YES;
				GCC_WARN_UNINITIALIZED_AUTOS = YES_AGGRESSIVE;
				GCC_WARN_UNUSED_FUNCTION = YES;
				GCC_WARN_UNUSED_VARIABLE = YES;
				IPHONEOS_DEPLOYMENT_TARGET = 13.4;
				MTL_ENABLE_DEBUG_INFO = INCLUDE_SOURCE;
				MTL_FAST_MATH = YES;
				ONLY_ACTIVE_ARCH = YES;
				SDKROOT = iphoneos;
				SWIFT_ACTIVE_COMPILATION_CONDITIONS = DEBUG;
				SWIFT_OPTIMIZATION_LEVEL = "-Onone";
			};
			name = Debug;
		};
		665BB9E124A693590004F319 /* Release */ = {
			isa = XCBuildConfiguration;
			buildSettings = {
				ALWAYS_SEARCH_USER_PATHS = NO;
				CLANG_ANALYZER_NONNULL = YES;
				CLANG_ANALYZER_NUMBER_OBJECT_CONVERSION = YES_AGGRESSIVE;
				CLANG_CXX_LANGUAGE_STANDARD = "gnu++14";
				CLANG_CXX_LIBRARY = "libc++";
				CLANG_ENABLE_MODULES = YES;
				CLANG_ENABLE_OBJC_ARC = YES;
				CLANG_ENABLE_OBJC_WEAK = YES;
				CLANG_WARN_BLOCK_CAPTURE_AUTORELEASING = YES;
				CLANG_WARN_BOOL_CONVERSION = YES;
				CLANG_WARN_COMMA = YES;
				CLANG_WARN_CONSTANT_CONVERSION = YES;
				CLANG_WARN_DEPRECATED_OBJC_IMPLEMENTATIONS = YES;
				CLANG_WARN_DIRECT_OBJC_ISA_USAGE = YES_ERROR;
				CLANG_WARN_DOCUMENTATION_COMMENTS = YES;
				CLANG_WARN_EMPTY_BODY = YES;
				CLANG_WARN_ENUM_CONVERSION = YES;
				CLANG_WARN_INFINITE_RECURSION = YES;
				CLANG_WARN_INT_CONVERSION = YES;
				CLANG_WARN_NON_LITERAL_NULL_CONVERSION = YES;
				CLANG_WARN_OBJC_IMPLICIT_RETAIN_SELF = YES;
				CLANG_WARN_OBJC_LITERAL_CONVERSION = YES;
				CLANG_WARN_OBJC_ROOT_CLASS = YES_ERROR;
				CLANG_WARN_RANGE_LOOP_ANALYSIS = YES;
				CLANG_WARN_STRICT_PROTOTYPES = YES;
				CLANG_WARN_SUSPICIOUS_MOVE = YES;
				CLANG_WARN_UNGUARDED_AVAILABILITY = YES_AGGRESSIVE;
				CLANG_WARN_UNREACHABLE_CODE = YES;
				CLANG_WARN__DUPLICATE_METHOD_MATCH = YES;
				COPY_PHASE_STRIP = NO;
				DEBUG_INFORMATION_FORMAT = "dwarf-with-dsym";
				ENABLE_NS_ASSERTIONS = NO;
				ENABLE_STRICT_OBJC_MSGSEND = YES;
				GCC_C_LANGUAGE_STANDARD = gnu11;
				GCC_NO_COMMON_BLOCKS = YES;
				GCC_WARN_64_TO_32_BIT_CONVERSION = YES;
				GCC_WARN_ABOUT_RETURN_TYPE = YES_ERROR;
				GCC_WARN_UNDECLARED_SELECTOR = YES;
				GCC_WARN_UNINITIALIZED_AUTOS = YES_AGGRESSIVE;
				GCC_WARN_UNUSED_FUNCTION = YES;
				GCC_WARN_UNUSED_VARIABLE = YES;
				IPHONEOS_DEPLOYMENT_TARGET = 13.4;
				MTL_ENABLE_DEBUG_INFO = NO;
				MTL_FAST_MATH = YES;
				SDKROOT = iphoneos;
				SWIFT_COMPILATION_MODE = wholemodule;
				SWIFT_OPTIMIZATION_LEVEL = "-O";
				VALIDATE_PRODUCT = YES;
			};
			name = Release;
		};
		665BB9E324A693590004F319 /* Debug */ = {
			isa = XCBuildConfiguration;
			baseConfigurationReference = 5E5F6410B84B3A76A0546966 /* Pods-RealmShare.debug.xcconfig */;
			buildSettings = {
				ASSETCATALOG_COMPILER_APPICON_NAME = AppIcon;
				CODE_SIGN_IDENTITY = "Apple Development";
				CODE_SIGN_STYLE = Automatic;
				DEVELOPMENT_ASSET_PATHS = "\"RealmShare/Preview Content\"";
				DEVELOPMENT_TEAM = UL42AV8U5L;
				ENABLE_PREVIEWS = YES;
				INFOPLIST_FILE = RealmShare/Info.plist;
				LD_RUNPATH_SEARCH_PATHS = (
					"$(inherited)",
					"@executable_path/Frameworks",
				);
				PRODUCT_BUNDLE_IDENTIFIER = com.ChrishonWyllie.RealmShare;
				PRODUCT_NAME = "$(TARGET_NAME)";
				PROVISIONING_PROFILE_SPECIFIER = "";
				SWIFT_VERSION = 5.0;
				TARGETED_DEVICE_FAMILY = "1,2";
			};
			name = Debug;
		};
		665BB9E424A693590004F319 /* Release */ = {
			isa = XCBuildConfiguration;
			baseConfigurationReference = 5E8A23D0FE1923BDA449D507 /* Pods-RealmShare.release.xcconfig */;
			buildSettings = {
				ASSETCATALOG_COMPILER_APPICON_NAME = AppIcon;
				CODE_SIGN_IDENTITY = "Apple Development";
				CODE_SIGN_STYLE = Automatic;
				DEVELOPMENT_ASSET_PATHS = "\"RealmShare/Preview Content\"";
				DEVELOPMENT_TEAM = UL42AV8U5L;
				ENABLE_PREVIEWS = YES;
				INFOPLIST_FILE = RealmShare/Info.plist;
				LD_RUNPATH_SEARCH_PATHS = (
					"$(inherited)",
					"@executable_path/Frameworks",
				);
				PRODUCT_BUNDLE_IDENTIFIER = com.ChrishonWyllie.RealmShare;
				PRODUCT_NAME = "$(TARGET_NAME)";
				PROVISIONING_PROFILE_SPECIFIER = "";
				SWIFT_VERSION = 5.0;
				TARGETED_DEVICE_FAMILY = "1,2";
			};
			name = Release;
		};
		665BB9E624A693590004F319 /* Debug */ = {
			isa = XCBuildConfiguration;
			baseConfigurationReference = 251DF812998ECBE06ECBACAF /* Pods-RealmShareTests.debug.xcconfig */;
			buildSettings = {
				ALWAYS_EMBED_SWIFT_STANDARD_LIBRARIES = YES;
				BUNDLE_LOADER = "$(TEST_HOST)";
				CODE_SIGN_STYLE = Automatic;
				DEVELOPMENT_TEAM = UL42AV8U5L;
				INFOPLIST_FILE = RealmShareTests/Info.plist;
				IPHONEOS_DEPLOYMENT_TARGET = 13.4;
				LD_RUNPATH_SEARCH_PATHS = (
					"$(inherited)",
					"@executable_path/Frameworks",
					"@loader_path/Frameworks",
				);
				PRODUCT_BUNDLE_IDENTIFIER = com.ChrishonWyllie.RealmShareTests;
				PRODUCT_NAME = "$(TARGET_NAME)";
				SWIFT_VERSION = 5.0;
				TARGETED_DEVICE_FAMILY = "1,2";
				TEST_HOST = "$(BUILT_PRODUCTS_DIR)/RealmShare.app/RealmShare";
			};
			name = Debug;
		};
		665BB9E724A693590004F319 /* Release */ = {
			isa = XCBuildConfiguration;
			baseConfigurationReference = 126CEE1901CA92A9337E85FA /* Pods-RealmShareTests.release.xcconfig */;
			buildSettings = {
				ALWAYS_EMBED_SWIFT_STANDARD_LIBRARIES = YES;
				BUNDLE_LOADER = "$(TEST_HOST)";
				CODE_SIGN_STYLE = Automatic;
				DEVELOPMENT_TEAM = UL42AV8U5L;
				INFOPLIST_FILE = RealmShareTests/Info.plist;
				IPHONEOS_DEPLOYMENT_TARGET = 13.4;
				LD_RUNPATH_SEARCH_PATHS = (
					"$(inherited)",
					"@executable_path/Frameworks",
					"@loader_path/Frameworks",
				);
				PRODUCT_BUNDLE_IDENTIFIER = com.ChrishonWyllie.RealmShareTests;
				PRODUCT_NAME = "$(TARGET_NAME)";
				SWIFT_VERSION = 5.0;
				TARGETED_DEVICE_FAMILY = "1,2";
				TEST_HOST = "$(BUILT_PRODUCTS_DIR)/RealmShare.app/RealmShare";
			};
			name = Release;
		};
/* End XCBuildConfiguration section */

/* Begin XCConfigurationList section */
		665BB9BE24A693550004F319 /* Build configuration list for PBXProject "RealmShare" */ = {
			isa = XCConfigurationList;
			buildConfigurations = (
				665BB9E024A693590004F319 /* Debug */,
				665BB9E124A693590004F319 /* Release */,
			);
			defaultConfigurationIsVisible = 0;
			defaultConfigurationName = Release;
		};
		665BB9E224A693590004F319 /* Build configuration list for PBXNativeTarget "RealmShare" */ = {
			isa = XCConfigurationList;
			buildConfigurations = (
				665BB9E324A693590004F319 /* Debug */,
				665BB9E424A693590004F319 /* Release */,
			);
			defaultConfigurationIsVisible = 0;
			defaultConfigurationName = Release;
		};
		665BB9E524A693590004F319 /* Build configuration list for PBXNativeTarget "RealmShareTests" */ = {
			isa = XCConfigurationList;
			buildConfigurations = (
				665BB9E624A693590004F319 /* Debug */,
				665BB9E724A693590004F319 /* Release */,
			);
			defaultConfigurationIsVisible = 0;
			defaultConfigurationName = Release;
		};
/* End XCConfigurationList section */
	};
	rootObject = 665BB9BB24A693550004F319 /* Project object */;
}
